
Microsoft Visual Studio Solution File, Format Version 12.00
# Visual Studio Version 16
VisualStudioVersion = 16.0.31702.278
MinimumVisualStudioVersion = 10.0.40219.1
Project("{FAE04EC0-301F-11D3-BF4B-00C04F79EFBC}") = "lab_7_1", "lab_7_1\lab_7_1.csproj", "{CDECEC5B-6660-4FCA-950E-6526696471DA}"
EndProject
Global
	GlobalSection(SolutionConfigurationPlatforms) = preSolution
		Debug|Any CPU = Debug|Any CPU
		Release|Any CPU = Release|Any CPU
	EndGlobalSection
	GlobalSection(ProjectConfigurationPlatforms) = postSolution
		{CDECEC5B-6660-4FCA-950E-6526696471DA}.Debug|Any CPU.ActiveCfg = Debug|Any CPU
		{CDECEC5B-6660-4FCA-950E-6526696471DA}.Debug|Any CPU.Build.0 = Debug|Any CPU
		{CDECEC5B-6660-4FCA-950E-6526696471DA}.Release|Any CPU.ActiveCfg = Release|Any CPU
		{CDECEC5B-6660-4FCA-950E-6526696471DA}.Release|Any CPU.Build.0 = Release|Any CPU
	EndGlobalSection
	GlobalSection(SolutionProperties) = preSolution
		HideSolutionNode = FALSE
	EndGlobalSection
	GlobalSection(ExtensibilityGlobals) = postSolution
		SolutionGuid = {476E2734-AF4F-4EF5-9A59-6F55FFD2DBEE}
	EndGlobalSection
EndGlobal
